<?xml version="1.0" encoding="utf-8"?>
<Project ToolsVersion="4.0" xmlns="http://schemas.microsoft.com/developer/msbuild/2003">
  <ItemGroup>
    <Filter Include="Engine">
      <UniqueIdentifier>{5fcf0828-a1d5-45ff-acec-e67f887fd995}</UniqueIdentifier>
    </Filter>
  </ItemGroup>
  <ItemGroup>
    <Text Include="CMakeLists.txt" />
  </ItemGroup>
  <ItemGroup>
    <ClInclude Include="inc\Application.hpp" />
    <ClInclude Include="inc\Core.hpp" />
    <ClInclude Include="inc\Engine.hpp" />
    <ClInclude Include="inc\EntryPoint.hpp" />
    <ClInclude Include="inc\Events\ApplicationEvent.hpp" />
    <ClInclude Include="inc\Events\Event.hpp" />
    <ClInclude Include="inc\Events\EventDispatcherAPI.hpp" />
    <ClInclude Include="inc\Events\KeyEvent.hpp" />
    <ClInclude Include="inc\Events\MouseEvent.hpp" />
    <ClInclude Include="inc\Logger\CConsoleLogger.hpp" />
    <ClInclude Include="inc\Logger\client.hpp" />
    <ClInclude Include="inc\Logger\CLogger.hpp" />
    <ClInclude Include="inc\Logger\LoggerAPI.hpp" />
  </ItemGroup>
  <ItemGroup>
    <ClCompile Include="private\Application.cpp" />
    <ClCompile Include="private\Logger\CConsoleLogger.cpp" />
    <ClCompile Include="private\Logger\client.cpp" />
    <ClCompile Include="private\Logger\CLogger.cpp" />
  </ItemGroup>
</Project>