<?xml version="1.0" encoding="utf-8"?>
<Project ToolsVersion="4.0" xmlns="http://schemas.microsoft.com/developer/msbuild/2003">
  <ItemGroup>
    <Filter Include="private">
      <UniqueIdentifier>{957ebc3c-3a7e-4630-b88f-9e96da1b5ce9}</UniqueIdentifier>
    </Filter>
    <Filter Include="private\Platform">
      <UniqueIdentifier>{3b4e5f3d-594f-4f35-97f0-61f90721abf8}</UniqueIdentifier>
    </Filter>
    <Filter Include="private\Logger">
      <UniqueIdentifier>{5f668773-5caa-4936-80a9-3b8399790f5b}</UniqueIdentifier>
    </Filter>
    <Filter Include="inc">
      <UniqueIdentifier>{d5b32f3a-3ed5-44bc-8711-39c6c427e582}</UniqueIdentifier>
    </Filter>
    <Filter Include="inc\Platform">
      <UniqueIdentifier>{ed7de65a-f7ae-498a-8b84-ea24a12e567c}</UniqueIdentifier>
    </Filter>
    <Filter Include="inc\Events">
      <UniqueIdentifier>{77e25d62-7f59-4045-a637-dad0d80b0b98}</UniqueIdentifier>
    </Filter>
    <Filter Include="inc\Logger">
      <UniqueIdentifier>{ff7a3552-c8ce-44a7-826c-31f3ca7bf3df}</UniqueIdentifier>
    </Filter>
  </ItemGroup>
  <ItemGroup>
    <ClCompile Include="private\Application.cpp">
      <Filter>private</Filter>
    </ClCompile>
    <ClCompile Include="private\Platform\WindowsWindow.cpp">
      <Filter>private\Platform</Filter>
    </ClCompile>
    <ClCompile Include="private\Logger\CConsoleLogger.cpp">
      <Filter>private\Logger</Filter>
    </ClCompile>
    <ClCompile Include="private\Logger\client.cpp">
      <Filter>private\Logger</Filter>
    </ClCompile>
    <ClCompile Include="private\Logger\CLogger.cpp">
      <Filter>private\Logger</Filter>
    </ClCompile>
  </ItemGroup>
  <ItemGroup>
    <ClInclude Include="inc\Application.hpp">
      <Filter>inc</Filter>
    </ClInclude>
    <ClInclude Include="inc\Core.hpp">
      <Filter>inc</Filter>
    </ClInclude>
    <ClInclude Include="inc\Engine.hpp">
      <Filter>inc</Filter>
    </ClInclude>
    <ClInclude Include="inc\EntryPoint.hpp">
      <Filter>inc</Filter>
    </ClInclude>
    <ClInclude Include="inc\Events\ApplicationEvent.hpp">
      <Filter>inc\Events</Filter>
    </ClInclude>
    <ClInclude Include="inc\Events\Event.hpp">
      <Filter>inc\Events</Filter>
    </ClInclude>
    <ClInclude Include="inc\Events\EventDispatcherAPI.hpp">
      <Filter>inc\Events</Filter>
    </ClInclude>
    <ClInclude Include="inc\Events\KeyEvent.hpp">
      <Filter>inc\Events</Filter>
    </ClInclude>
    <ClInclude Include="inc\Events\MouseEvent.hpp">
      <Filter>inc\Events</Filter>
    </ClInclude>
    <ClInclude Include="inc\Logger\CConsoleLogger.hpp">
      <Filter>inc\Logger</Filter>
    </ClInclude>
    <ClInclude Include="inc\Logger\client.hpp">
      <Filter>inc\Logger</Filter>
    </ClInclude>
    <ClInclude Include="inc\Logger\CLogger.hpp">
      <Filter>inc\Logger</Filter>
    </ClInclude>
    <ClInclude Include="inc\Logger\LoggerAPI.hpp">
      <Filter>inc\Logger</Filter>
    </ClInclude>
    <ClInclude Include="inc\Window.hpp">
      <Filter>inc</Filter>
    </ClInclude>
    <ClInclude Include="inc\Platform\WindowsWindow.hpp">
      <Filter>inc\Platform</Filter>
    </ClInclude>
  </ItemGroup>
  <ItemGroup>
    <Text Include="CMakeLists.txt" />
  </ItemGroup>
</Project>